<?xml version="1.0" encoding="UTF-8"?>
<CodeBlocks_project_file>
	<FileVersion major="1" minor="6"/>
	<Project>
		<Option title="simulation-cpp"/>
		<Option makefile_is_custom="1"/>
		<Option compiler="gcc"/>
		<Option virtualFolders="CMake Files\;"/>
		<Build>
			<Target title="all">
				<Option working_dir="/net/cremi/slassourreui/stage/simulation-cpp"/>
				<Option type="4"/>
				<MakeCommands>
					<Build command="/usr/bin/make -f &quot;/net/cremi/slassourreui/stage/simulation-cpp/Makefile&quot;  VERBOSE=1 all"/>
					<CompileFile command="/usr/bin/make -f &quot;/net/cremi/slassourreui/stage/simulation-cpp/Makefile&quot;  VERBOSE=1 &quot;$file&quot;"/>
					<Clean command="/usr/bin/make -f &quot;/net/cremi/slassourreui/stage/simulation-cpp/Makefile&quot;  VERBOSE=1 clean"/>
					<DistClean command="/usr/bin/make -f &quot;/net/cremi/slassourreui/stage/simulation-cpp/Makefile&quot;  VERBOSE=1 clean"/>
				</MakeCommands>
			</Target>
			<Target title="edit_cache">
				<Option working_dir="/net/cremi/slassourreui/stage/simulation-cpp"/>
				<Option type="4"/>
				<MakeCommands>
					<Build command="/usr/bin/make -f &quot;/net/cremi/slassourreui/stage/simulation-cpp/Makefile&quot;  VERBOSE=1 edit_cache"/>
					<CompileFile command="/usr/bin/make -f &quot;/net/cremi/slassourreui/stage/simulation-cpp/Makefile&quot;  VERBOSE=1 &quot;$file&quot;"/>
					<Clean command="/usr/bin/make -f &quot;/net/cremi/slassourreui/stage/simulation-cpp/Makefile&quot;  VERBOSE=1 clean"/>
					<DistClean command="/usr/bin/make -f &quot;/net/cremi/slassourreui/stage/simulation-cpp/Makefile&quot;  VERBOSE=1 clean"/>
				</MakeCommands>
			</Target>
			<Target title="rebuild_cache">
				<Option working_dir="/net/cremi/slassourreui/stage/simulation-cpp"/>
				<Option type="4"/>
				<MakeCommands>
					<Build command="/usr/bin/make -f &quot;/net/cremi/slassourreui/stage/simulation-cpp/Makefile&quot;  VERBOSE=1 rebuild_cache"/>
					<CompileFile command="/usr/bin/make -f &quot;/net/cremi/slassourreui/stage/simulation-cpp/Makefile&quot;  VERBOSE=1 &quot;$file&quot;"/>
					<Clean command="/usr/bin/make -f &quot;/net/cremi/slassourreui/stage/simulation-cpp/Makefile&quot;  VERBOSE=1 clean"/>
					<DistClean command="/usr/bin/make -f &quot;/net/cremi/slassourreui/stage/simulation-cpp/Makefile&quot;  VERBOSE=1 clean"/>
				</MakeCommands>
			</Target>
			<Target title="simulation-tests">
				<Option output="/net/cremi/slassourreui/stage/simulation-cpp/simulation-tests" prefix_auto="0" extension_auto="0"/>
				<Option working_dir="/net/cremi/slassourreui/stage/simulation-cpp"/>
				<Option object_output="./"/>
				<Option type="1"/>
				<Option compiler="gcc"/>
				<Compiler>
					<Add directory="/net/cremi/slassourreui/stage/simulation-cpp/include"/>
					<Add directory="/net/cremi/slassourreui/stage/simulation-cpp/boost-library"/>
					<Add directory="/net/cremi/slassourreui/espaces/travail/compiled/include"/>
				</Compiler>
				<MakeCommands>
					<Build command="/usr/bin/make -f &quot;/net/cremi/slassourreui/stage/simulation-cpp/Makefile&quot;  VERBOSE=1 simulation-tests"/>
					<CompileFile command="/usr/bin/make -f &quot;/net/cremi/slassourreui/stage/simulation-cpp/Makefile&quot;  VERBOSE=1 &quot;$file&quot;"/>
					<Clean command="/usr/bin/make -f &quot;/net/cremi/slassourreui/stage/simulation-cpp/Makefile&quot;  VERBOSE=1 clean"/>
					<DistClean command="/usr/bin/make -f &quot;/net/cremi/slassourreui/stage/simulation-cpp/Makefile&quot;  VERBOSE=1 clean"/>
				</MakeCommands>
			</Target>
			<Target title="simulation-tests/fast">
				<Option output="/net/cremi/slassourreui/stage/simulation-cpp/simulation-tests" prefix_auto="0" extension_auto="0"/>
				<Option working_dir="/net/cremi/slassourreui/stage/simulation-cpp"/>
				<Option object_output="./"/>
				<Option type="1"/>
				<Option compiler="gcc"/>
				<Compiler>
					<Add directory="/net/cremi/slassourreui/stage/simulation-cpp/include"/>
					<Add directory="/net/cremi/slassourreui/stage/simulation-cpp/boost-library"/>
					<Add directory="/net/cremi/slassourreui/espaces/travail/compiled/include"/>
				</Compiler>
				<MakeCommands>
					<Build command="/usr/bin/make -f &quot;/net/cremi/slassourreui/stage/simulation-cpp/Makefile&quot;  VERBOSE=1 simulation-tests/fast"/>
					<CompileFile command="/usr/bin/make -f &quot;/net/cremi/slassourreui/stage/simulation-cpp/Makefile&quot;  VERBOSE=1 &quot;$file&quot;"/>
					<Clean command="/usr/bin/make -f &quot;/net/cremi/slassourreui/stage/simulation-cpp/Makefile&quot;  VERBOSE=1 clean"/>
					<DistClean command="/usr/bin/make -f &quot;/net/cremi/slassourreui/stage/simulation-cpp/Makefile&quot;  VERBOSE=1 clean"/>
				</MakeCommands>
			</Target>
			<Target title="simulation-cpp">
				<Option output="/net/cremi/slassourreui/stage/simulation-cpp/simulation-cpp" prefix_auto="0" extension_auto="0"/>
				<Option working_dir="/net/cremi/slassourreui/stage/simulation-cpp"/>
				<Option object_output="./"/>
				<Option type="1"/>
				<Option compiler="gcc"/>
				<Compiler>
					<Add directory="/net/cremi/slassourreui/stage/simulation-cpp/include"/>
					<Add directory="/net/cremi/slassourreui/stage/simulation-cpp/boost-library"/>
					<Add directory="/net/cremi/slassourreui/espaces/travail/compiled/include"/>
				</Compiler>
				<MakeCommands>
					<Build command="/usr/bin/make -f &quot;/net/cremi/slassourreui/stage/simulation-cpp/Makefile&quot;  VERBOSE=1 simulation-cpp"/>
					<CompileFile command="/usr/bin/make -f &quot;/net/cremi/slassourreui/stage/simulation-cpp/Makefile&quot;  VERBOSE=1 &quot;$file&quot;"/>
					<Clean command="/usr/bin/make -f &quot;/net/cremi/slassourreui/stage/simulation-cpp/Makefile&quot;  VERBOSE=1 clean"/>
					<DistClean command="/usr/bin/make -f &quot;/net/cremi/slassourreui/stage/simulation-cpp/Makefile&quot;  VERBOSE=1 clean"/>
				</MakeCommands>
			</Target>
			<Target title="simulation-cpp/fast">
				<Option output="/net/cremi/slassourreui/stage/simulation-cpp/simulation-cpp" prefix_auto="0" extension_auto="0"/>
				<Option working_dir="/net/cremi/slassourreui/stage/simulation-cpp"/>
				<Option object_output="./"/>
				<Option type="1"/>
				<Option compiler="gcc"/>
				<Compiler>
					<Add directory="/net/cremi/slassourreui/stage/simulation-cpp/include"/>
					<Add directory="/net/cremi/slassourreui/stage/simulation-cpp/boost-library"/>
					<Add directory="/net/cremi/slassourreui/espaces/travail/compiled/include"/>
				</Compiler>
				<MakeCommands>
					<Build command="/usr/bin/make -f &quot;/net/cremi/slassourreui/stage/simulation-cpp/Makefile&quot;  VERBOSE=1 simulation-cpp/fast"/>
					<CompileFile command="/usr/bin/make -f &quot;/net/cremi/slassourreui/stage/simulation-cpp/Makefile&quot;  VERBOSE=1 &quot;$file&quot;"/>
					<Clean command="/usr/bin/make -f &quot;/net/cremi/slassourreui/stage/simulation-cpp/Makefile&quot;  VERBOSE=1 clean"/>
					<DistClean command="/usr/bin/make -f &quot;/net/cremi/slassourreui/stage/simulation-cpp/Makefile&quot;  VERBOSE=1 clean"/>
				</MakeCommands>
			</Target>
		</Build>
		<Unit filename="/net/cremi/slassourreui/stage/simulation-cpp/src/AdaptationFunction.cpp">
			<Option target="simulation-tests"/>
			<Option target="simulation-cpp"/>
		</Unit>
		<Unit filename="/net/cremi/slassourreui/stage/simulation-cpp/src/ConfMessage.cpp">
			<Option target="simulation-tests"/>
			<Option target="simulation-cpp"/>
		</Unit>
		<Unit filename="/net/cremi/slassourreui/stage/simulation-cpp/src/Link.cpp">
			<Option target="simulation-tests"/>
			<Option target="simulation-cpp"/>
		</Unit>
		<Unit filename="/net/cremi/slassourreui/stage/simulation-cpp/src/Message.cpp">
			<Option target="simulation-tests"/>
			<Option target="simulation-cpp"/>
		</Unit>
		<Unit filename="/net/cremi/slassourreui/stage/simulation-cpp/src/Network.cpp">
			<Option target="simulation-tests"/>
			<Option target="simulation-cpp"/>
		</Unit>
		<Unit filename="/net/cremi/slassourreui/stage/simulation-cpp/src/Node.cpp">
			<Option target="simulation-tests"/>
			<Option target="simulation-cpp"/>
		</Unit>
		<Unit filename="/net/cremi/slassourreui/stage/simulation-cpp/src/PhysicalMessage.cpp">
			<Option target="simulation-tests"/>
			<Option target="simulation-cpp"/>
		</Unit>
		<Unit filename="/net/cremi/slassourreui/stage/simulation-cpp/src/ProtocolStack.cpp">
			<Option target="simulation-tests"/>
			<Option target="simulation-cpp"/>
		</Unit>
		<Unit filename="/net/cremi/slassourreui/stage/simulation-cpp/src/RoutingTable.cpp">
			<Option target="simulation-tests"/>
			<Option target="simulation-cpp"/>
		</Unit>
		<Unit filename="/net/cremi/slassourreui/stage/simulation-cpp/src/simulation.cpp">
			<Option target="simulation-cpp"/>
		</Unit>
		<Unit filename="/net/cremi/slassourreui/stage/simulation-cpp/tests/main-tests.cpp">
			<Option target="simulation-tests"/>
		</Unit>
		<Unit filename="/net/cremi/slassourreui/stage/simulation-cpp/CMakeLists.txt">
			<Option virtualFolder="CMake Files\"/>
		</Unit>
	</Project>
</CodeBlocks_project_file>
